
Microsoft Visual Studio Solution File, Format Version 12.00
# Visual Studio 15
VisualStudioVersion = 15.0.28307.329
MinimumVisualStudioVersion = 10.0.40219.1
Project("{8BC9CEB8-8B4A-11D0-8D11-00A0C91BC942}") = "Axel", "Axel.vcxproj", "{F02CF90D-22E2-4745-9F12-B1A66F046550}"
EndProject
Global
	GlobalSection(SolutionConfigurationPlatforms) = preSolution
		Debug|x64 = Debug|x64
		Release|x64 = Release|x64
	EndGlobalSection
	GlobalSection(ProjectConfigurationPlatforms) = postSolution
		{F02CF90D-22E2-4745-9F12-B1A66F046550}.Debug|x64.ActiveCfg = Debug|x64
		{F02CF90D-22E2-4745-9F12-B1A66F046550}.Debug|x64.Build.0 = Debug|x64
		{F02CF90D-22E2-4745-9F12-B1A66F046550}.Release|x64.ActiveCfg = Release|x64
		{F02CF90D-22E2-4745-9F12-B1A66F046550}.Release|x64.Build.0 = Release|x64
	EndGlobalSection
	GlobalSection(SolutionProperties) = preSolution
		HideSolutionNode = FALSE
	EndGlobalSection
	GlobalSection(ExtensibilityGlobals) = postSolution
		SolutionGuid = {0C426B78-3792-4B89-A78B-017A411216A6}
	EndGlobalSection
EndGlobal
